
Microsoft Visual Studio Solution File, Format Version 12.00
# Visual Studio Version 17
VisualStudioVersion = 17.9.34728.123
MinimumVisualStudioVersion = 10.0.40219.1
Project("{FAE04EC0-301F-11D3-BF4B-00C04F79EFBC}") = "BridgeClassLibrary", "BridgeClassLibrary\BridgeClassLibrary.csproj", "{BFD8AD4C-073C-449B-8FAC-BE94976BACBA}"
EndProject
Project("{FAE04EC0-301F-11D3-BF4B-00C04F79EFBC}") = "CarMethodTests", "CarMethodTests\CarMethodTests.csproj", "{E9403E3B-73EF-41CA-803F-E177DF2C45CF}"
EndProject
Project("{FAE04EC0-301F-11D3-BF4B-00C04F79EFBC}") = "MCMethodTests", "MCMethodTests\MCMethodTests.csproj", "{F69101F1-8E03-4E07-BFC5-4353F80ACF33}"
EndProject
Project("{FAE04EC0-301F-11D3-BF4B-00C04F79EFBC}") = "VehicleTests", "VehicleTests\VehicleTests.csproj", "{ED3E8358-C901-44E9-8DB9-15BE1F878D1A}"
EndProject
Project("{FAE04EC0-301F-11D3-BF4B-00C04F79EFBC}") = "StoreBaeltTicketLibrary", "StoreBaeltTicketLibrary\StoreBaeltTicketLibrary.csproj", "{AECEE799-2A6B-474E-B321-C543D2A174A2}"
EndProject
Project("{FAE04EC0-301F-11D3-BF4B-00C04F79EFBC}") = "StoreBaeltDiscountTests", "StoreBaeltDiscountTests\StoreBaeltDiscountTests.csproj", "{AC81C0BC-0570-45E4-AB46-FC5A62D17FD5}"
EndProject
Project("{FAE04EC0-301F-11D3-BF4B-00C04F79EFBC}") = "Oresundbroen", "Oresundbroen\Oresundbroen.csproj", "{31FEA05F-6D97-40B5-BB61-CC309E017406}"
EndProject
Project("{FAE04EC0-301F-11D3-BF4B-00C04F79EFBC}") = "OresundTests", "OresundTests\OresundTests.csproj", "{74007045-B491-425D-9CC7-F73199C63B0F}"
EndProject
Project("{FAE04EC0-301F-11D3-BF4B-00C04F79EFBC}") = "StoreBaeltRepositoryTests", "StoreBaeltRepositoryTests\StoreBaeltRepositoryTests.csproj", "{1A58353F-74D5-47AF-B893-02026B08D3C5}"
EndProject
Project("{FAE04EC0-301F-11D3-BF4B-00C04F79EFBC}") = "TCPServerConsoleApp", "TCPServerConsoleApp\TCPServerConsoleApp.csproj", "{BCAAD064-CA95-4C35-A5AE-1001F1C5395F}"
EndProject
Project("{FAE04EC0-301F-11D3-BF4B-00C04F79EFBC}") = "TCPClientConsoleApp", "TCPClientConsoleApp\TCPClientConsoleApp.csproj", "{037EDB5D-4CD1-4075-A5E0-2949E337C9CF}"
EndProject
Global
	GlobalSection(SolutionConfigurationPlatforms) = preSolution
		Debug|Any CPU = Debug|Any CPU
		Release|Any CPU = Release|Any CPU
	EndGlobalSection
	GlobalSection(ProjectConfigurationPlatforms) = postSolution
		{BFD8AD4C-073C-449B-8FAC-BE94976BACBA}.Debug|Any CPU.ActiveCfg = Debug|Any CPU
		{BFD8AD4C-073C-449B-8FAC-BE94976BACBA}.Debug|Any CPU.Build.0 = Debug|Any CPU
		{BFD8AD4C-073C-449B-8FAC-BE94976BACBA}.Release|Any CPU.ActiveCfg = Release|Any CPU
		{BFD8AD4C-073C-449B-8FAC-BE94976BACBA}.Release|Any CPU.Build.0 = Release|Any CPU
		{E9403E3B-73EF-41CA-803F-E177DF2C45CF}.Debug|Any CPU.ActiveCfg = Debug|Any CPU
		{E9403E3B-73EF-41CA-803F-E177DF2C45CF}.Debug|Any CPU.Build.0 = Debug|Any CPU
		{E9403E3B-73EF-41CA-803F-E177DF2C45CF}.Release|Any CPU.ActiveCfg = Release|Any CPU
		{E9403E3B-73EF-41CA-803F-E177DF2C45CF}.Release|Any CPU.Build.0 = Release|Any CPU
		{F69101F1-8E03-4E07-BFC5-4353F80ACF33}.Debug|Any CPU.ActiveCfg = Debug|Any CPU
		{F69101F1-8E03-4E07-BFC5-4353F80ACF33}.Debug|Any CPU.Build.0 = Debug|Any CPU
		{F69101F1-8E03-4E07-BFC5-4353F80ACF33}.Release|Any CPU.ActiveCfg = Release|Any CPU
		{F69101F1-8E03-4E07-BFC5-4353F80ACF33}.Release|Any CPU.Build.0 = Release|Any CPU
		{ED3E8358-C901-44E9-8DB9-15BE1F878D1A}.Debug|Any CPU.ActiveCfg = Debug|Any CPU
		{ED3E8358-C901-44E9-8DB9-15BE1F878D1A}.Debug|Any CPU.Build.0 = Debug|Any CPU
		{ED3E8358-C901-44E9-8DB9-15BE1F878D1A}.Release|Any CPU.ActiveCfg = Release|Any CPU
		{ED3E8358-C901-44E9-8DB9-15BE1F878D1A}.Release|Any CPU.Build.0 = Release|Any CPU
		{AECEE799-2A6B-474E-B321-C543D2A174A2}.Debug|Any CPU.ActiveCfg = Debug|Any CPU
		{AECEE799-2A6B-474E-B321-C543D2A174A2}.Debug|Any CPU.Build.0 = Debug|Any CPU
		{AECEE799-2A6B-474E-B321-C543D2A174A2}.Release|Any CPU.ActiveCfg = Release|Any CPU
		{AECEE799-2A6B-474E-B321-C543D2A174A2}.Release|Any CPU.Build.0 = Release|Any CPU
		{AC81C0BC-0570-45E4-AB46-FC5A62D17FD5}.Debug|Any CPU.ActiveCfg = Debug|Any CPU
		{AC81C0BC-0570-45E4-AB46-FC5A62D17FD5}.Debug|Any CPU.Build.0 = Debug|Any CPU
		{AC81C0BC-0570-45E4-AB46-FC5A62D17FD5}.Release|Any CPU.ActiveCfg = Release|Any CPU
		{AC81C0BC-0570-45E4-AB46-FC5A62D17FD5}.Release|Any CPU.Build.0 = Release|Any CPU
		{31FEA05F-6D97-40B5-BB61-CC309E017406}.Debug|Any CPU.ActiveCfg = Debug|Any CPU
		{31FEA05F-6D97-40B5-BB61-CC309E017406}.Debug|Any CPU.Build.0 = Debug|Any CPU
		{31FEA05F-6D97-40B5-BB61-CC309E017406}.Release|Any CPU.ActiveCfg = Release|Any CPU
		{31FEA05F-6D97-40B5-BB61-CC309E017406}.Release|Any CPU.Build.0 = Release|Any CPU
		{74007045-B491-425D-9CC7-F73199C63B0F}.Debug|Any CPU.ActiveCfg = Debug|Any CPU
		{74007045-B491-425D-9CC7-F73199C63B0F}.Debug|Any CPU.Build.0 = Debug|Any CPU
		{74007045-B491-425D-9CC7-F73199C63B0F}.Release|Any CPU.ActiveCfg = Release|Any CPU
		{74007045-B491-425D-9CC7-F73199C63B0F}.Release|Any CPU.Build.0 = Release|Any CPU
		{1A58353F-74D5-47AF-B893-02026B08D3C5}.Debug|Any CPU.ActiveCfg = Debug|Any CPU
		{1A58353F-74D5-47AF-B893-02026B08D3C5}.Debug|Any CPU.Build.0 = Debug|Any CPU
		{1A58353F-74D5-47AF-B893-02026B08D3C5}.Release|Any CPU.ActiveCfg = Release|Any CPU
		{1A58353F-74D5-47AF-B893-02026B08D3C5}.Release|Any CPU.Build.0 = Release|Any CPU
		{BCAAD064-CA95-4C35-A5AE-1001F1C5395F}.Debug|Any CPU.ActiveCfg = Debug|Any CPU
		{BCAAD064-CA95-4C35-A5AE-1001F1C5395F}.Debug|Any CPU.Build.0 = Debug|Any CPU
		{BCAAD064-CA95-4C35-A5AE-1001F1C5395F}.Release|Any CPU.ActiveCfg = Release|Any CPU
		{BCAAD064-CA95-4C35-A5AE-1001F1C5395F}.Release|Any CPU.Build.0 = Release|Any CPU
		{037EDB5D-4CD1-4075-A5E0-2949E337C9CF}.Debug|Any CPU.ActiveCfg = Debug|Any CPU
		{037EDB5D-4CD1-4075-A5E0-2949E337C9CF}.Debug|Any CPU.Build.0 = Debug|Any CPU
		{037EDB5D-4CD1-4075-A5E0-2949E337C9CF}.Release|Any CPU.ActiveCfg = Release|Any CPU
		{037EDB5D-4CD1-4075-A5E0-2949E337C9CF}.Release|Any CPU.Build.0 = Release|Any CPU
	EndGlobalSection
	GlobalSection(SolutionProperties) = preSolution
		HideSolutionNode = FALSE
	EndGlobalSection
	GlobalSection(ExtensibilityGlobals) = postSolution
		SolutionGuid = {28C5F53D-3295-4B57-8394-6D59A9F5DCE6}
	EndGlobalSection
EndGlobal
